
Microsoft Visual Studio Solution File, Format Version 12.00
# Visual Studio 2012
Project("{FAE04EC0-301F-11D3-BF4B-00C04F79EFBC}") = "001-ADO.NET", "001-ADO.NET\001-ADO.NET.csproj", "{DF0CC9CF-A821-4AAE-BFD5-2197A4C10DF8}"
EndProject
Project("{FAE04EC0-301F-11D3-BF4B-00C04F79EFBC}") = "002-xxxConection", "002-xxxConection\002-xxxConection.csproj", "{A9A8E601-BEEE-4E28-8436-B71A69A5F236}"
EndProject
Project("{FAE04EC0-301F-11D3-BF4B-00C04F79EFBC}") = "003-xxxCommandExecuteNonQuery", "003-xxxCommand\003-xxxCommandExecuteNonQuery.csproj", "{FD39089B-72DD-458A-B4D3-A21B37F60587}"
EndProject
Project("{FAE04EC0-301F-11D3-BF4B-00C04F79EFBC}") = "004-xxxComand_ExecuteScalar", "004-xxxComand_ExecuteScalar\004-xxxComand_ExecuteScalar.csproj", "{6597E93C-020E-4771-BD0D-20E5B25E618D}"
EndProject
Project("{FAE04EC0-301F-11D3-BF4B-00C04F79EFBC}") = "005-xxxCommand-ExecuteReader", "005-xxxCommand-ExecuteReader\005-xxxCommand-ExecuteReader.csproj", "{2AF9DEEF-17EC-4793-A2DD-70E2C4A62975}"
EndProject
Project("{FAE04EC0-301F-11D3-BF4B-00C04F79EFBC}") = "006-xxxSqlInjection", "006-xxxSqlInjection\006-xxxSqlInjection.csproj", "{F9315D0C-B483-483F-9B80-28C4C56E9D34}"
EndProject
Project("{FAE04EC0-301F-11D3-BF4B-00C04F79EFBC}") = "007-xxxSqlParameter", "007-xxxSqlParameter\007-xxxSqlParameter.csproj", "{37A2CE05-187D-4A27-B4FC-E174396525D0}"
EndProject
Project("{FAE04EC0-301F-11D3-BF4B-00C04F79EFBC}") = "008-ORM", "008-ORM\008-ORM.csproj", "{F5E7B15F-52F2-4890-8EB1-5F901EDE4A9F}"
EndProject
Project("{FAE04EC0-301F-11D3-BF4B-00C04F79EFBC}") = "009-EntityFramework", "009-EntityFramework\009-EntityFramework.csproj", "{972DE36F-D6DC-4312-A7D3-02C13BF81AD5}"
EndProject
Project("{FAE04EC0-301F-11D3-BF4B-00C04F79EFBC}") = "011-MvcApplication", "011-MvcApplication\011-MvcApplication.csproj", "{186E9197-5E40-437B-B65C-974270C43AE1}"
EndProject
Project("{FAE04EC0-301F-11D3-BF4B-00C04F79EFBC}") = "014-CodeFirst", "014-CodeFirst\014-CodeFirst.csproj", "{BA047FEB-9260-46A6-A838-AE9E98B40271}"
EndProject
Project("{FAE04EC0-301F-11D3-BF4B-00C04F79EFBC}") = "015-WebPI", "015-WebPI\015-WebPI.csproj", "{F9BD01B4-7CAA-4ED3-9C95-24298A00BFE9}"
EndProject
Project("{FAE04EC0-301F-11D3-BF4B-00C04F79EFBC}") = "016-WebAPIClient", "016-WebAPIClient\016-WebAPIClient.csproj", "{7FB6DD91-A134-409C-B31E-5303E6239A04}"
EndProject
Project("{FAE04EC0-301F-11D3-BF4B-00C04F79EFBC}") = "017-WindowsService", "017-WindowsService\017-WindowsService.csproj", "{33CE6E70-7DEA-459C-8A52-44C8783A3BF0}"
EndProject
Global
	GlobalSection(SolutionConfigurationPlatforms) = preSolution
		Debug|Any CPU = Debug|Any CPU
		Release|Any CPU = Release|Any CPU
	EndGlobalSection
	GlobalSection(ProjectConfigurationPlatforms) = postSolution
		{DF0CC9CF-A821-4AAE-BFD5-2197A4C10DF8}.Debug|Any CPU.ActiveCfg = Debug|Any CPU
		{DF0CC9CF-A821-4AAE-BFD5-2197A4C10DF8}.Debug|Any CPU.Build.0 = Debug|Any CPU
		{DF0CC9CF-A821-4AAE-BFD5-2197A4C10DF8}.Release|Any CPU.ActiveCfg = Release|Any CPU
		{DF0CC9CF-A821-4AAE-BFD5-2197A4C10DF8}.Release|Any CPU.Build.0 = Release|Any CPU
		{A9A8E601-BEEE-4E28-8436-B71A69A5F236}.Debug|Any CPU.ActiveCfg = Debug|Any CPU
		{A9A8E601-BEEE-4E28-8436-B71A69A5F236}.Debug|Any CPU.Build.0 = Debug|Any CPU
		{A9A8E601-BEEE-4E28-8436-B71A69A5F236}.Release|Any CPU.ActiveCfg = Release|Any CPU
		{A9A8E601-BEEE-4E28-8436-B71A69A5F236}.Release|Any CPU.Build.0 = Release|Any CPU
		{FD39089B-72DD-458A-B4D3-A21B37F60587}.Debug|Any CPU.ActiveCfg = Debug|Any CPU
		{FD39089B-72DD-458A-B4D3-A21B37F60587}.Debug|Any CPU.Build.0 = Debug|Any CPU
		{FD39089B-72DD-458A-B4D3-A21B37F60587}.Release|Any CPU.ActiveCfg = Release|Any CPU
		{FD39089B-72DD-458A-B4D3-A21B37F60587}.Release|Any CPU.Build.0 = Release|Any CPU
		{6597E93C-020E-4771-BD0D-20E5B25E618D}.Debug|Any CPU.ActiveCfg = Debug|Any CPU
		{6597E93C-020E-4771-BD0D-20E5B25E618D}.Debug|Any CPU.Build.0 = Debug|Any CPU
		{6597E93C-020E-4771-BD0D-20E5B25E618D}.Release|Any CPU.ActiveCfg = Release|Any CPU
		{6597E93C-020E-4771-BD0D-20E5B25E618D}.Release|Any CPU.Build.0 = Release|Any CPU
		{2AF9DEEF-17EC-4793-A2DD-70E2C4A62975}.Debug|Any CPU.ActiveCfg = Debug|Any CPU
		{2AF9DEEF-17EC-4793-A2DD-70E2C4A62975}.Debug|Any CPU.Build.0 = Debug|Any CPU
		{2AF9DEEF-17EC-4793-A2DD-70E2C4A62975}.Release|Any CPU.ActiveCfg = Release|Any CPU
		{2AF9DEEF-17EC-4793-A2DD-70E2C4A62975}.Release|Any CPU.Build.0 = Release|Any CPU
		{F9315D0C-B483-483F-9B80-28C4C56E9D34}.Debug|Any CPU.ActiveCfg = Debug|Any CPU
		{F9315D0C-B483-483F-9B80-28C4C56E9D34}.Debug|Any CPU.Build.0 = Debug|Any CPU
		{F9315D0C-B483-483F-9B80-28C4C56E9D34}.Release|Any CPU.ActiveCfg = Release|Any CPU
		{F9315D0C-B483-483F-9B80-28C4C56E9D34}.Release|Any CPU.Build.0 = Release|Any CPU
		{37A2CE05-187D-4A27-B4FC-E174396525D0}.Debug|Any CPU.ActiveCfg = Debug|Any CPU
		{37A2CE05-187D-4A27-B4FC-E174396525D0}.Debug|Any CPU.Build.0 = Debug|Any CPU
		{37A2CE05-187D-4A27-B4FC-E174396525D0}.Release|Any CPU.ActiveCfg = Release|Any CPU
		{37A2CE05-187D-4A27-B4FC-E174396525D0}.Release|Any CPU.Build.0 = Release|Any CPU
		{F5E7B15F-52F2-4890-8EB1-5F901EDE4A9F}.Debug|Any CPU.ActiveCfg = Debug|Any CPU
		{F5E7B15F-52F2-4890-8EB1-5F901EDE4A9F}.Debug|Any CPU.Build.0 = Debug|Any CPU
		{F5E7B15F-52F2-4890-8EB1-5F901EDE4A9F}.Release|Any CPU.ActiveCfg = Release|Any CPU
		{F5E7B15F-52F2-4890-8EB1-5F901EDE4A9F}.Release|Any CPU.Build.0 = Release|Any CPU
		{972DE36F-D6DC-4312-A7D3-02C13BF81AD5}.Debug|Any CPU.ActiveCfg = Debug|Any CPU
		{972DE36F-D6DC-4312-A7D3-02C13BF81AD5}.Debug|Any CPU.Build.0 = Debug|Any CPU
		{972DE36F-D6DC-4312-A7D3-02C13BF81AD5}.Release|Any CPU.ActiveCfg = Release|Any CPU
		{972DE36F-D6DC-4312-A7D3-02C13BF81AD5}.Release|Any CPU.Build.0 = Release|Any CPU
		{186E9197-5E40-437B-B65C-974270C43AE1}.Debug|Any CPU.ActiveCfg = Debug|Any CPU
		{186E9197-5E40-437B-B65C-974270C43AE1}.Debug|Any CPU.Build.0 = Debug|Any CPU
		{186E9197-5E40-437B-B65C-974270C43AE1}.Release|Any CPU.ActiveCfg = Release|Any CPU
		{186E9197-5E40-437B-B65C-974270C43AE1}.Release|Any CPU.Build.0 = Release|Any CPU
		{BA047FEB-9260-46A6-A838-AE9E98B40271}.Debug|Any CPU.ActiveCfg = Debug|Any CPU
		{BA047FEB-9260-46A6-A838-AE9E98B40271}.Debug|Any CPU.Build.0 = Debug|Any CPU
		{BA047FEB-9260-46A6-A838-AE9E98B40271}.Release|Any CPU.ActiveCfg = Release|Any CPU
		{BA047FEB-9260-46A6-A838-AE9E98B40271}.Release|Any CPU.Build.0 = Release|Any CPU
		{F9BD01B4-7CAA-4ED3-9C95-24298A00BFE9}.Debug|Any CPU.ActiveCfg = Debug|Any CPU
		{F9BD01B4-7CAA-4ED3-9C95-24298A00BFE9}.Debug|Any CPU.Build.0 = Debug|Any CPU
		{F9BD01B4-7CAA-4ED3-9C95-24298A00BFE9}.Release|Any CPU.ActiveCfg = Release|Any CPU
		{F9BD01B4-7CAA-4ED3-9C95-24298A00BFE9}.Release|Any CPU.Build.0 = Release|Any CPU
		{7FB6DD91-A134-409C-B31E-5303E6239A04}.Debug|Any CPU.ActiveCfg = Debug|Any CPU
		{7FB6DD91-A134-409C-B31E-5303E6239A04}.Debug|Any CPU.Build.0 = Debug|Any CPU
		{7FB6DD91-A134-409C-B31E-5303E6239A04}.Release|Any CPU.ActiveCfg = Release|Any CPU
		{7FB6DD91-A134-409C-B31E-5303E6239A04}.Release|Any CPU.Build.0 = Release|Any CPU
		{33CE6E70-7DEA-459C-8A52-44C8783A3BF0}.Debug|Any CPU.ActiveCfg = Debug|Any CPU
		{33CE6E70-7DEA-459C-8A52-44C8783A3BF0}.Debug|Any CPU.Build.0 = Debug|Any CPU
		{33CE6E70-7DEA-459C-8A52-44C8783A3BF0}.Release|Any CPU.ActiveCfg = Release|Any CPU
		{33CE6E70-7DEA-459C-8A52-44C8783A3BF0}.Release|Any CPU.Build.0 = Release|Any CPU
	EndGlobalSection
	GlobalSection(SolutionProperties) = preSolution
		HideSolutionNode = FALSE
	EndGlobalSection
EndGlobal
